// !$*UTF8*$!
{
	archiveVersion = 1;
	classes = {
	};
	objectVersion = 50;
	objects = {

/* Begin PBXBuildFile section */
		D3370747268C73950006FAA6 /* AppDelegate.m in Sources */ = {isa = PBXBuildFile; fileRef = D3370746268C73950006FAA6 /* AppDelegate.m */; };
		D337074A268C73950006FAA6 /* SceneDelegate.m in Sources */ = {isa = PBXBuildFile; fileRef = D3370749268C73950006FAA6 /* SceneDelegate.m */; };
		D337074D268C73950006FAA6 /* ViewController.m in Sources */ = {isa = PBXBuildFile; fileRef = D337074C268C73950006FAA6 /* ViewController.m */; };
		D3370750268C73950006FAA6 /* Main.storyboard in Resources */ = {isa = PBXBuildFile; fileRef = D337074E268C73950006FAA6 /* Main.storyboard */; };
		D3370752268C73980006FAA6 /* Assets.xcassets in Resources */ = {isa = PBXBuildFile; fileRef = D3370751268C73980006FAA6 /* Assets.xcassets */; };
		D3370755268C73980006FAA6 /* LaunchScreen.storyboard in Resources */ = {isa = PBXBuildFile; fileRef = D3370753268C73980006FAA6 /* LaunchScreen.storyboard */; };
		D3370758268C73980006FAA6 /* main.m in Sources */ = {isa = PBXBuildFile; fileRef = D3370757268C73980006FAA6 /* main.m */; };
		D3370760268C73B10006FAA6 /* Father.m in Sources */ = {isa = PBXBuildFile; fileRef = D337075F268C73B10006FAA6 /* Father.m */; };
		D3370763268C73B60006FAA6 /* Son.m in Sources */ = {isa = PBXBuildFile; fileRef = D3370762268C73B60006FAA6 /* Son.m */; };
/* End PBXBuildFile section */

/* Begin PBXFileReference section */
		D3370742268C73950006FAA6 /* Super区别.app */ = {isa = PBXFileReference; explicitFileType = wrapper.application; includeInIndex = 0; path = "Super区别.app"; sourceTree = BUILT_PRODUCTS_DIR; };
		D3370745268C73950006FAA6 /* AppDelegate.h */ = {isa = PBXFileReference; lastKnownFileType = sourcecode.c.h; path = AppDelegate.h; sourceTree = "<group>"; };
		D3370746268C73950006FAA6 /* AppDelegate.m */ = {isa = PBXFileReference; lastKnownFileType = sourcecode.c.objc; path = AppDelegate.m; sourceTree = "<group>"; };
		D3370748268C73950006FAA6 /* SceneDelegate.h */ = {isa = PBXFileReference; lastKnownFileType = sourcecode.c.h; path = SceneDelegate.h; sourceTree = "<group>"; };
		D3370749268C73950006FAA6 /* SceneDelegate.m */ = {isa = PBXFileReference; lastKnownFileType = sourcecode.c.objc; path = SceneDelegate.m; sourceTree = "<group>"; };
		D337074B268C73950006FAA6 /* ViewController.h */ = {isa = PBXFileReference; lastKnownFileType = sourcecode.c.h; path = ViewController.h; sourceTree = "<group>"; };
		D337074C268C73950006FAA6 /* ViewController.m */ = {isa = PBXFileReference; lastKnownFileType = sourcecode.c.objc; path = ViewController.m; sourceTree = "<group>"; };
		D337074F268C73950006FAA6 /* Base */ = {isa = PBXFileReference; lastKnownFileType = file.storyboard; name = Base; path = Base.lproj/Main.storyboard; sourceTree = "<group>"; };
		D3370751268C73980006FAA6 /* Assets.xcassets */ = {isa = PBXFileReference; lastKnownFileType = folder.assetcatalog; path = Assets.xcassets; sourceTree = "<group>"; };
		D3370754268C73980006FAA6 /* Base */ = {isa = PBXFileReference; lastKnownFileType = file.storyboard; name = Base; path = Base.lproj/LaunchScreen.storyboard; sourceTree = "<group>"; };
		D3370756268C73980006FAA6 /* Info.plist */ = {isa = PBXFileReference; lastKnownFileType = text.plist.xml; path = Info.plist; sourceTree = "<group>"; };
		D3370757268C73980006FAA6 /* main.m */ = {isa = PBXFileReference; lastKnownFileType = sourcecode.c.objc; path = main.m; sourceTree = "<group>"; };
		D337075E268C73B10006FAA6 /* Father.h */ = {isa = PBXFileReference; lastKnownFileType = sourcecode.c.h; path = Father.h; sourceTree = "<group>"; };
		D337075F268C73B10006FAA6 /* Father.m */ = {isa = PBXFileReference; lastKnownFileType = sourcecode.c.objc; path = Father.m; sourceTree = "<group>"; };
		D3370761268C73B60006FAA6 /* Son.h */ = {isa = PBXFileReference; lastKnownFileType = sourcecode.c.h; path = Son.h; sourceTree = "<group>"; };
		D3370762268C73B60006FAA6 /* Son.m */ = {isa = PBXFileReference; lastKnownFileType = sourcecode.c.objc; path = Son.m; sourceTree = "<group>"; };
/* End PBXFileReference section */

/* Begin PBXFrameworksBuildPhase section */
		D337073F268C73950006FAA6 /* Frameworks */ = {
			isa = PBXFrameworksBuildPhase;
			buildActionMask = 2147483647;
			files = (
			);
			runOnlyForDeploymentPostprocessing = 0;
		};
/* End PBXFrameworksBuildPhase section */

/* Begin PBXGroup section */
		D3370739268C73950006FAA6 = {
			isa = PBXGroup;
			children = (
				D3370744268C73950006FAA6 /* Super区别 */,
				D3370743268C73950006FAA6 /* Products */,
			);
			sourceTree = "<group>";
		};
		D3370743268C73950006FAA6 /* Products */ = {
			isa = PBXGroup;
			children = (
				D3370742268C73950006FAA6 /* Super区别.app */,
			);
			name = Products;
			sourceTree = "<group>";
		};
		D3370744268C73950006FAA6 /* Super区别 */ = {
			isa = PBXGroup;
			children = (
				D3370745268C73950006FAA6 /* AppDelegate.h */,
				D3370746268C73950006FAA6 /* AppDelegate.m */,
				D3370748268C73950006FAA6 /* SceneDelegate.h */,
				D3370749268C73950006FAA6 /* SceneDelegate.m */,
				D337074B268C73950006FAA6 /* ViewController.h */,
				D337074C268C73950006FAA6 /* ViewController.m */,
				D337075E268C73B10006FAA6 /* Father.h */,
				D337075F268C73B10006FAA6 /* Father.m */,
				D3370761268C73B60006FAA6 /* Son.h */,
				D3370762268C73B60006FAA6 /* Son.m */,
				D337074E268C73950006FAA6 /* Main.storyboard */,
				D3370751268C73980006FAA6 /* Assets.xcassets */,
				D3370753268C73980006FAA6 /* LaunchScreen.storyboard */,
				D3370756268C73980006FAA6 /* Info.plist */,
				D3370757268C73980006FAA6 /* main.m */,
			);
			path = "Super区别";
			sourceTree = "<group>";
		};
/* End PBXGroup section */

/* Begin PBXNativeTarget section */
		D3370741268C73950006FAA6 /* Super区别 */ = {
			isa = PBXNativeTarget;
			buildConfigurationList = D337075B268C73980006FAA6 /* Build configuration list for PBXNativeTarget "Super区别" */;
			buildPhases = (
				D337073E268C73950006FAA6 /* Sources */,
				D337073F268C73950006FAA6 /* Frameworks */,
				D3370740268C73950006FAA6 /* Resources */,
			);
			buildRules = (
			);
			dependencies = (
			);
			name = "Super区别";
			productName = "Super区别";
			productReference = D3370742268C73950006FAA6 /* Super区别.app */;
			productType = "com.apple.product-type.application";
		};
/* End PBXNativeTarget section */

/* Begin PBXProject section */
		D337073A268C73950006FAA6 /* Project object */ = {
			isa = PBXProject;
			attributes = {
				LastUpgradeCheck = 1250;
				TargetAttributes = {
					D3370741268C73950006FAA6 = {
						CreatedOnToolsVersion = 12.5;
					};
				};
			};
			buildConfigurationList = D337073D268C73950006FAA6 /* Build configuration list for PBXProject "Super区别" */;
			compatibilityVersion = "Xcode 9.3";
			developmentRegion = en;
			hasScannedForEncodings = 0;
			knownRegions = (
				en,
				Base,
			);
			mainGroup = D3370739268C73950006FAA6;
			productRefGroup = D3370743268C73950006FAA6 /* Products */;
			projectDirPath = "";
			projectRoot = "";
			targets = (
				D3370741268C73950006FAA6 /* Super区别 */,
			);
		};
/* End PBXProject section */

/* Begin PBXResourcesBuildPhase section */
		D3370740268C73950006FAA6 /* Resources */ = {
			isa = PBXResourcesBuildPhase;
			buildActionMask = 2147483647;
			files = (
				D3370755268C73980006FAA6 /* LaunchScreen.storyboard in Resources */,
				D3370752268C73980006FAA6 /* Assets.xcassets in Resources */,
				D3370750268C73950006FAA6 /* Main.storyboard in Resources */,
			);
			runOnlyForDeploymentPostprocessing = 0;
		};
/* End PBXResourcesBuildPhase section */

/* Begin PBXSourcesBuildPhase section */
		D337073E268C73950006FAA6 /* Sources */ = {
			isa = PBXSourcesBuildPhase;
			buildActionMask = 2147483647;
			files = (
				D3370763268C73B60006FAA6 /* Son.m in Sources */,
				D337074D268C73950006FAA6 /* ViewController.m in Sources */,
				D3370747268C73950006FAA6 /* AppDelegate.m in Sources */,
				D3370758268C73980006FAA6 /* main.m in Sources */,
				D337074A268C73950006FAA6 /* SceneDelegate.m in Sources */,
				D3370760268C73B10006FAA6 /* Father.m in Sources */,
			);
			runOnlyForDeploymentPostprocessing = 0;
		};
/* End PBXSourcesBuildPhase section */

/* Begin PBXVariantGroup section */
		D337074E268C73950006FAA6 /* Main.storyboard */ = {
			isa = PBXVariantGroup;
			children = (
				D337074F268C73950006FAA6 /* Base */,
			);
			name = Main.storyboard;
			sourceTree = "<group>";
		};
		D3370753268C73980006FAA6 /* LaunchScreen.storyboard */ = {
			isa = PBXVariantGroup;
			children = (
				D3370754268C73980006FAA6 /* Base */,
			);
			name = LaunchScreen.storyboard;
			sourceTree = "<group>";
		};
/* End PBXVariantGroup section */

/* Begin XCBuildConfiguration section */
		D3370759268C73980006FAA6 /* Debug */ = {
			isa = XCBuildConfiguration;
			buildSettings = {
				ALWAYS_SEARCH_USER_PATHS = NO;
				CLANG_ANALYZER_NONNULL = YES;
				CLANG_ANALYZER_NUMBER_OBJECT_CONVERSION = YES_AGGRESSIVE;
				CLANG_CXX_LANGUAGE_STANDARD = "gnu++14";
				CLANG_CXX_LIBRARY = "libc++";
				CLANG_ENABLE_MODULES = YES;
				CLANG_ENABLE_OBJC_ARC = YES;
				CLANG_ENABLE_OBJC_WEAK = YES;
				CLANG_WARN_BLOCK_CAPTURE_AUTORELEASING = YES;
				CLANG_WARN_BOOL_CONVERSION = YES;
				CLANG_WARN_COMMA = YES;
				CLANG_WARN_CONSTANT_CONVERSION = YES;
				CLANG_WARN_DEPRECATED_OBJC_IMPLEMENTATIONS = YES;
				CLANG_WARN_DIRECT_OBJC_ISA_USAGE = YES_ERROR;
				CLANG_WARN_DOCUMENTATION_COMMENTS = YES;
				CLANG_WARN_EMPTY_BODY = YES;
				CLANG_WARN_ENUM_CONVERSION = YES;
				CLANG_WARN_INFINITE_RECURSION = YES;
				CLANG_WARN_INT_CONVERSION = YES;
				CLANG_WARN_NON_LITERAL_NULL_CONVERSION = YES;
				CLANG_WARN_OBJC_IMPLICIT_RETAIN_SELF = YES;
				CLANG_WARN_OBJC_LITERAL_CONVERSION = YES;
				CLANG_WARN_OBJC_ROOT_CLASS = YES_ERROR;
				CLANG_WARN_QUOTED_INCLUDE_IN_FRAMEWORK_HEADER = YES;
				CLANG_WARN_RANGE_LOOP_ANALYSIS = YES;
				CLANG_WARN_STRICT_PROTOTYPES = YES;
				CLANG_WARN_SUSPICIOUS_MOVE = YES;
				CLANG_WARN_UNGUARDED_AVAILABILITY = YES_AGGRESSIVE;
				CLANG_WARN_UNREACHABLE_CODE = YES;
				CLANG_WARN__DUPLICATE_METHOD_MATCH = YES;
				COPY_PHASE_STRIP = NO;
				DEBUG_INFORMATION_FORMAT = dwarf;
				ENABLE_STRICT_OBJC_MSGSEND = YES;
				ENABLE_TESTABILITY = YES;
				GCC_C_LANGUAGE_STANDARD = gnu11;
				GCC_DYNAMIC_NO_PIC = NO;
				GCC_NO_COMMON_BLOCKS = YES;
				GCC_OPTIMIZATION_LEVEL = 0;
				GCC_PREPROCESSOR_DEFINITIONS = (
					"DEBUG=1",
					"$(inherited)",
				);
				GCC_WARN_64_TO_32_BIT_CONVERSION = YES;
				GCC_WARN_ABOUT_RETURN_TYPE = YES_ERROR;
				GCC_WARN_UNDECLARED_SELECTOR = YES;
				GCC_WARN_UNINITIALIZED_AUTOS = YES_AGGRESSIVE;
				GCC_WARN_UNUSED_FUNCTION = YES;
				GCC_WARN_UNUSED_VARIABLE = YES;
				IPHONEOS_DEPLOYMENT_TARGET = 14.5;
				MTL_ENABLE_DEBUG_INFO = INCLUDE_SOURCE;
				MTL_FAST_MATH = YES;
				ONLY_ACTIVE_ARCH = YES;
				SDKROOT = iphoneos;
			};
			name = Debug;
		};
		D337075A268C73980006FAA6 /* Release */ = {
			isa = XCBuildConfiguration;
			buildSettings = {
				ALWAYS_SEARCH_USER_PATHS = NO;
				CLANG_ANALYZER_NONNULL = YES;
				CLANG_ANALYZER_NUMBER_OBJECT_CONVERSION = YES_AGGRESSIVE;
				CLANG_CXX_LANGUAGE_STANDARD = "gnu++14";
				CLANG_CXX_LIBRARY = "libc++";
				CLANG_ENABLE_MODULES = YES;
				CLANG_ENABLE_OBJC_ARC = YES;
				CLANG_ENABLE_OBJC_WEAK = YES;
				CLANG_WARN_BLOCK_CAPTURE_AUTORELEASING = YES;
				CLANG_WARN_BOOL_CONVERSION = YES;
				CLANG_WARN_COMMA = YES;
				CLANG_WARN_CONSTANT_CONVERSION = YES;
				CLANG_WARN_DEPRECATED_OBJC_IMPLEMENTATIONS = YES;
				CLANG_WARN_DIRECT_OBJC_ISA_USAGE = YES_ERROR;
				CLANG_WARN_DOCUMENTATION_COMMENTS = YES;
				CLANG_WARN_EMPTY_BODY = YES;
				CLANG_WARN_ENUM_CONVERSION = YES;
				CLANG_WARN_INFINITE_RECURSION = YES;
				CLANG_WARN_INT_CONVERSION = YES;
				CLANG_WARN_NON_LITERAL_NULL_CONVERSION = YES;
				CLANG_WARN_OBJC_IMPLICIT_RETAIN_SELF = YES;
				CLANG_WARN_OBJC_LITERAL_CONVERSION = YES;
				CLANG_WARN_OBJC_ROOT_CLASS = YES_ERROR;
				CLANG_WARN_QUOTED_INCLUDE_IN_FRAMEWORK_HEADER = YES;
				CLANG_WARN_RANGE_LOOP_ANALYSIS = YES;
				CLANG_WARN_STRICT_PROTOTYPES = YES;
				CLANG_WARN_SUSPICIOUS_MOVE = YES;
				CLANG_WARN_UNGUARDED_AVAILABILITY = YES_AGGRESSIVE;
				CLANG_WARN_UNREACHABLE_CODE = YES;
				CLANG_WARN__DUPLICATE_METHOD_MATCH = YES;
				COPY_PHASE_STRIP = NO;
				DEBUG_INFORMATION_FORMAT = "dwarf-with-dsym";
				ENABLE_NS_ASSERTIONS = NO;
				ENABLE_STRICT_OBJC_MSGSEND = YES;
				GCC_C_LANGUAGE_STANDARD = gnu11;
				GCC_NO_COMMON_BLOCKS = YES;
				GCC_WARN_64_TO_32_BIT_CONVERSION = YES;
				GCC_WARN_ABOUT_RETURN_TYPE = YES_ERROR;
				GCC_WARN_UNDECLARED_SELECTOR = YES;
				GCC_WARN_UNINITIALIZED_AUTOS = YES_AGGRESSIVE;
				GCC_WARN_UNUSED_FUNCTION = YES;
				GCC_WARN_UNUSED_VARIABLE = YES;
				IPHONEOS_DEPLOYMENT_TARGET = 14.5;
				MTL_ENABLE_DEBUG_INFO = NO;
				MTL_FAST_MATH = YES;
				SDKROOT = iphoneos;
				VALIDATE_PRODUCT = YES;
			};
			name = Release;
		};
		D337075C268C73980006FAA6 /* Debug */ = {
			isa = XCBuildConfiguration;
			buildSettings = {
				ASSETCATALOG_COMPILER_APPICON_NAME = AppIcon;
				ASSETCATALOG_COMPILER_GLOBAL_ACCENT_COLOR_NAME = AccentColor;
				CODE_SIGN_STYLE = Automatic;
				DEVELOPMENT_TEAM = FR3SC3EULN;
				INFOPLIST_FILE = "Super区别/Info.plist";
				LD_RUNPATH_SEARCH_PATHS = (
					"$(inherited)",
					"@executable_path/Frameworks",
				);
				PRODUCT_BUNDLE_IDENTIFIER = "BecomerichAsun.Super--";
				PRODUCT_NAME = "$(TARGET_NAME)";
				TARGETED_DEVICE_FAMILY = "1,2";
			};
			name = Debug;
		};
		D337075D268C73980006FAA6 /* Release */ = {
			isa = XCBuildConfiguration;
			buildSettings = {
				ASSETCATALOG_COMPILER_APPICON_NAME = AppIcon;
				ASSETCATALOG_COMPILER_GLOBAL_ACCENT_COLOR_NAME = AccentColor;
				CODE_SIGN_STYLE = Automatic;
				DEVELOPMENT_TEAM = FR3SC3EULN;
				INFOPLIST_FILE = "Super区别/Info.plist";
				LD_RUNPATH_SEARCH_PATHS = (
					"$(inherited)",
					"@executable_path/Frameworks",
				);
				PRODUCT_BUNDLE_IDENTIFIER = "BecomerichAsun.Super--";
				PRODUCT_NAME = "$(TARGET_NAME)";
				TARGETED_DEVICE_FAMILY = "1,2";
			};
			name = Release;
		};
/* End XCBuildConfiguration section */

/* Begin XCConfigurationList section */
		D337073D268C73950006FAA6 /* Build configuration list for PBXProject "Super区别" */ = {
			isa = XCConfigurationList;
			buildConfigurations = (
				D3370759268C73980006FAA6 /* Debug */,
				D337075A268C73980006FAA6 /* Release */,
			);
			defaultConfigurationIsVisible = 0;
			defaultConfigurationName = Release;
		};
		D337075B268C73980006FAA6 /* Build configuration list for PBXNativeTarget "Super区别" */ = {
			isa = XCConfigurationList;
			buildConfigurations = (
				D337075C268C73980006FAA6 /* Debug */,
				D337075D268C73980006FAA6 /* Release */,
			);
			defaultConfigurationIsVisible = 0;
			defaultConfigurationName = Release;
		};
/* End XCConfigurationList section */
	};
	rootObject = D337073A268C73950006FAA6 /* Project object */;
}
