// !$*UTF8*$!
{
	archiveVersion = 1;
	classes = {
	};
	objectVersion = 50;
	objects = {

/* Begin PBXBuildFile section */
		D33ABB74268ED19A000FBCD4 /* AppDelegate.m in Sources */ = {isa = PBXBuildFile; fileRef = D33ABB73268ED19A000FBCD4 /* AppDelegate.m */; };
		D33ABB77268ED19A000FBCD4 /* SceneDelegate.m in Sources */ = {isa = PBXBuildFile; fileRef = D33ABB76268ED19A000FBCD4 /* SceneDelegate.m */; };
		D33ABB7A268ED19A000FBCD4 /* ViewController.m in Sources */ = {isa = PBXBuildFile; fileRef = D33ABB79268ED19A000FBCD4 /* ViewController.m */; };
		D33ABB7D268ED19A000FBCD4 /* Main.storyboard in Resources */ = {isa = PBXBuildFile; fileRef = D33ABB7B268ED19A000FBCD4 /* Main.storyboard */; };
		D33ABB7F268ED19D000FBCD4 /* Assets.xcassets in Resources */ = {isa = PBXBuildFile; fileRef = D33ABB7E268ED19D000FBCD4 /* Assets.xcassets */; };
		D33ABB82268ED19D000FBCD4 /* LaunchScreen.storyboard in Resources */ = {isa = PBXBuildFile; fileRef = D33ABB80268ED19D000FBCD4 /* LaunchScreen.storyboard */; };
		D33ABB85268ED19D000FBCD4 /* main.m in Sources */ = {isa = PBXBuildFile; fileRef = D33ABB84268ED19D000FBCD4 /* main.m */; };
/* End PBXBuildFile section */

/* Begin PBXFileReference section */
		D33ABB6F268ED19A000FBCD4 /* 001--类的属性构造.app */ = {isa = PBXFileReference; explicitFileType = wrapper.application; includeInIndex = 0; path = "001--类的属性构造.app"; sourceTree = BUILT_PRODUCTS_DIR; };
		D33ABB72268ED19A000FBCD4 /* AppDelegate.h */ = {isa = PBXFileReference; lastKnownFileType = sourcecode.c.h; path = AppDelegate.h; sourceTree = "<group>"; };
		D33ABB73268ED19A000FBCD4 /* AppDelegate.m */ = {isa = PBXFileReference; lastKnownFileType = sourcecode.c.objc; path = AppDelegate.m; sourceTree = "<group>"; };
		D33ABB75268ED19A000FBCD4 /* SceneDelegate.h */ = {isa = PBXFileReference; lastKnownFileType = sourcecode.c.h; path = SceneDelegate.h; sourceTree = "<group>"; };
		D33ABB76268ED19A000FBCD4 /* SceneDelegate.m */ = {isa = PBXFileReference; lastKnownFileType = sourcecode.c.objc; path = SceneDelegate.m; sourceTree = "<group>"; };
		D33ABB78268ED19A000FBCD4 /* ViewController.h */ = {isa = PBXFileReference; lastKnownFileType = sourcecode.c.h; path = ViewController.h; sourceTree = "<group>"; };
		D33ABB79268ED19A000FBCD4 /* ViewController.m */ = {isa = PBXFileReference; lastKnownFileType = sourcecode.c.objc; path = ViewController.m; sourceTree = "<group>"; };
		D33ABB7C268ED19A000FBCD4 /* Base */ = {isa = PBXFileReference; lastKnownFileType = file.storyboard; name = Base; path = Base.lproj/Main.storyboard; sourceTree = "<group>"; };
		D33ABB7E268ED19D000FBCD4 /* Assets.xcassets */ = {isa = PBXFileReference; lastKnownFileType = folder.assetcatalog; path = Assets.xcassets; sourceTree = "<group>"; };
		D33ABB81268ED19D000FBCD4 /* Base */ = {isa = PBXFileReference; lastKnownFileType = file.storyboard; name = Base; path = Base.lproj/LaunchScreen.storyboard; sourceTree = "<group>"; };
		D33ABB83268ED19D000FBCD4 /* Info.plist */ = {isa = PBXFileReference; lastKnownFileType = text.plist.xml; path = Info.plist; sourceTree = "<group>"; };
		D33ABB84268ED19D000FBCD4 /* main.m */ = {isa = PBXFileReference; lastKnownFileType = sourcecode.c.objc; path = main.m; sourceTree = "<group>"; };
/* End PBXFileReference section */

/* Begin PBXFrameworksBuildPhase section */
		D33ABB6C268ED19A000FBCD4 /* Frameworks */ = {
			isa = PBXFrameworksBuildPhase;
			buildActionMask = 2147483647;
			files = (
			);
			runOnlyForDeploymentPostprocessing = 0;
		};
/* End PBXFrameworksBuildPhase section */

/* Begin PBXGroup section */
		D33ABB66268ED19A000FBCD4 = {
			isa = PBXGroup;
			children = (
				D33ABB71268ED19A000FBCD4 /* 001--类的属性构造 */,
				D33ABB70268ED19A000FBCD4 /* Products */,
			);
			sourceTree = "<group>";
		};
		D33ABB70268ED19A000FBCD4 /* Products */ = {
			isa = PBXGroup;
			children = (
				D33ABB6F268ED19A000FBCD4 /* 001--类的属性构造.app */,
			);
			name = Products;
			sourceTree = "<group>";
		};
		D33ABB71268ED19A000FBCD4 /* 001--类的属性构造 */ = {
			isa = PBXGroup;
			children = (
				D33ABB72268ED19A000FBCD4 /* AppDelegate.h */,
				D33ABB73268ED19A000FBCD4 /* AppDelegate.m */,
				D33ABB75268ED19A000FBCD4 /* SceneDelegate.h */,
				D33ABB76268ED19A000FBCD4 /* SceneDelegate.m */,
				D33ABB78268ED19A000FBCD4 /* ViewController.h */,
				D33ABB79268ED19A000FBCD4 /* ViewController.m */,
				D33ABB7B268ED19A000FBCD4 /* Main.storyboard */,
				D33ABB7E268ED19D000FBCD4 /* Assets.xcassets */,
				D33ABB80268ED19D000FBCD4 /* LaunchScreen.storyboard */,
				D33ABB83268ED19D000FBCD4 /* Info.plist */,
				D33ABB84268ED19D000FBCD4 /* main.m */,
			);
			path = "001--类的属性构造";
			sourceTree = "<group>";
		};
/* End PBXGroup section */

/* Begin PBXNativeTarget section */
		D33ABB6E268ED19A000FBCD4 /* 001--类的属性构造 */ = {
			isa = PBXNativeTarget;
			buildConfigurationList = D33ABB88268ED19D000FBCD4 /* Build configuration list for PBXNativeTarget "001--类的属性构造" */;
			buildPhases = (
				D33ABB6B268ED19A000FBCD4 /* Sources */,
				D33ABB6C268ED19A000FBCD4 /* Frameworks */,
				D33ABB6D268ED19A000FBCD4 /* Resources */,
			);
			buildRules = (
			);
			dependencies = (
			);
			name = "001--类的属性构造";
			productName = "001--类的属性构造";
			productReference = D33ABB6F268ED19A000FBCD4 /* 001--类的属性构造.app */;
			productType = "com.apple.product-type.application";
		};
/* End PBXNativeTarget section */

/* Begin PBXProject section */
		D33ABB67268ED19A000FBCD4 /* Project object */ = {
			isa = PBXProject;
			attributes = {
				LastUpgradeCheck = 1250;
				TargetAttributes = {
					D33ABB6E268ED19A000FBCD4 = {
						CreatedOnToolsVersion = 12.5;
					};
				};
			};
			buildConfigurationList = D33ABB6A268ED19A000FBCD4 /* Build configuration list for PBXProject "001--类的属性构造" */;
			compatibilityVersion = "Xcode 9.3";
			developmentRegion = en;
			hasScannedForEncodings = 0;
			knownRegions = (
				en,
				Base,
			);
			mainGroup = D33ABB66268ED19A000FBCD4;
			productRefGroup = D33ABB70268ED19A000FBCD4 /* Products */;
			projectDirPath = "";
			projectRoot = "";
			targets = (
				D33ABB6E268ED19A000FBCD4 /* 001--类的属性构造 */,
			);
		};
/* End PBXProject section */

/* Begin PBXResourcesBuildPhase section */
		D33ABB6D268ED19A000FBCD4 /* Resources */ = {
			isa = PBXResourcesBuildPhase;
			buildActionMask = 2147483647;
			files = (
				D33ABB82268ED19D000FBCD4 /* LaunchScreen.storyboard in Resources */,
				D33ABB7F268ED19D000FBCD4 /* Assets.xcassets in Resources */,
				D33ABB7D268ED19A000FBCD4 /* Main.storyboard in Resources */,
			);
			runOnlyForDeploymentPostprocessing = 0;
		};
/* End PBXResourcesBuildPhase section */

/* Begin PBXSourcesBuildPhase section */
		D33ABB6B268ED19A000FBCD4 /* Sources */ = {
			isa = PBXSourcesBuildPhase;
			buildActionMask = 2147483647;
			files = (
				D33ABB7A268ED19A000FBCD4 /* ViewController.m in Sources */,
				D33ABB74268ED19A000FBCD4 /* AppDelegate.m in Sources */,
				D33ABB85268ED19D000FBCD4 /* main.m in Sources */,
				D33ABB77268ED19A000FBCD4 /* SceneDelegate.m in Sources */,
			);
			runOnlyForDeploymentPostprocessing = 0;
		};
/* End PBXSourcesBuildPhase section */

/* Begin PBXVariantGroup section */
		D33ABB7B268ED19A000FBCD4 /* Main.storyboard */ = {
			isa = PBXVariantGroup;
			children = (
				D33ABB7C268ED19A000FBCD4 /* Base */,
			);
			name = Main.storyboard;
			sourceTree = "<group>";
		};
		D33ABB80268ED19D000FBCD4 /* LaunchScreen.storyboard */ = {
			isa = PBXVariantGroup;
			children = (
				D33ABB81268ED19D000FBCD4 /* Base */,
			);
			name = LaunchScreen.storyboard;
			sourceTree = "<group>";
		};
/* End PBXVariantGroup section */

/* Begin XCBuildConfiguration section */
		D33ABB86268ED19D000FBCD4 /* Debug */ = {
			isa = XCBuildConfiguration;
			buildSettings = {
				ALWAYS_SEARCH_USER_PATHS = NO;
				CLANG_ANALYZER_NONNULL = YES;
				CLANG_ANALYZER_NUMBER_OBJECT_CONVERSION = YES_AGGRESSIVE;
				CLANG_CXX_LANGUAGE_STANDARD = "gnu++14";
				CLANG_CXX_LIBRARY = "libc++";
				CLANG_ENABLE_MODULES = YES;
				CLANG_ENABLE_OBJC_ARC = YES;
				CLANG_ENABLE_OBJC_WEAK = YES;
				CLANG_WARN_BLOCK_CAPTURE_AUTORELEASING = YES;
				CLANG_WARN_BOOL_CONVERSION = YES;
				CLANG_WARN_COMMA = YES;
				CLANG_WARN_CONSTANT_CONVERSION = YES;
				CLANG_WARN_DEPRECATED_OBJC_IMPLEMENTATIONS = YES;
				CLANG_WARN_DIRECT_OBJC_ISA_USAGE = YES_ERROR;
				CLANG_WARN_DOCUMENTATION_COMMENTS = YES;
				CLANG_WARN_EMPTY_BODY = YES;
				CLANG_WARN_ENUM_CONVERSION = YES;
				CLANG_WARN_INFINITE_RECURSION = YES;
				CLANG_WARN_INT_CONVERSION = YES;
				CLANG_WARN_NON_LITERAL_NULL_CONVERSION = YES;
				CLANG_WARN_OBJC_IMPLICIT_RETAIN_SELF = YES;
				CLANG_WARN_OBJC_LITERAL_CONVERSION = YES;
				CLANG_WARN_OBJC_ROOT_CLASS = YES_ERROR;
				CLANG_WARN_QUOTED_INCLUDE_IN_FRAMEWORK_HEADER = YES;
				CLANG_WARN_RANGE_LOOP_ANALYSIS = YES;
				CLANG_WARN_STRICT_PROTOTYPES = YES;
				CLANG_WARN_SUSPICIOUS_MOVE = YES;
				CLANG_WARN_UNGUARDED_AVAILABILITY = YES_AGGRESSIVE;
				CLANG_WARN_UNREACHABLE_CODE = YES;
				CLANG_WARN__DUPLICATE_METHOD_MATCH = YES;
				COPY_PHASE_STRIP = NO;
				DEBUG_INFORMATION_FORMAT = dwarf;
				ENABLE_STRICT_OBJC_MSGSEND = YES;
				ENABLE_TESTABILITY = YES;
				GCC_C_LANGUAGE_STANDARD = gnu11;
				GCC_DYNAMIC_NO_PIC = NO;
				GCC_NO_COMMON_BLOCKS = YES;
				GCC_OPTIMIZATION_LEVEL = 0;
				GCC_PREPROCESSOR_DEFINITIONS = (
					"DEBUG=1",
					"$(inherited)",
				);
				GCC_WARN_64_TO_32_BIT_CONVERSION = YES;
				GCC_WARN_ABOUT_RETURN_TYPE = YES_ERROR;
				GCC_WARN_UNDECLARED_SELECTOR = YES;
				GCC_WARN_UNINITIALIZED_AUTOS = YES_AGGRESSIVE;
				GCC_WARN_UNUSED_FUNCTION = YES;
				GCC_WARN_UNUSED_VARIABLE = YES;
				IPHONEOS_DEPLOYMENT_TARGET = 14.5;
				MTL_ENABLE_DEBUG_INFO = INCLUDE_SOURCE;
				MTL_FAST_MATH = YES;
				ONLY_ACTIVE_ARCH = YES;
				SDKROOT = iphoneos;
			};
			name = Debug;
		};
		D33ABB87268ED19D000FBCD4 /* Release */ = {
			isa = XCBuildConfiguration;
			buildSettings = {
				ALWAYS_SEARCH_USER_PATHS = NO;
				CLANG_ANALYZER_NONNULL = YES;
				CLANG_ANALYZER_NUMBER_OBJECT_CONVERSION = YES_AGGRESSIVE;
				CLANG_CXX_LANGUAGE_STANDARD = "gnu++14";
				CLANG_CXX_LIBRARY = "libc++";
				CLANG_ENABLE_MODULES = YES;
				CLANG_ENABLE_OBJC_ARC = YES;
				CLANG_ENABLE_OBJC_WEAK = YES;
				CLANG_WARN_BLOCK_CAPTURE_AUTORELEASING = YES;
				CLANG_WARN_BOOL_CONVERSION = YES;
				CLANG_WARN_COMMA = YES;
				CLANG_WARN_CONSTANT_CONVERSION = YES;
				CLANG_WARN_DEPRECATED_OBJC_IMPLEMENTATIONS = YES;
				CLANG_WARN_DIRECT_OBJC_ISA_USAGE = YES_ERROR;
				CLANG_WARN_DOCUMENTATION_COMMENTS = YES;
				CLANG_WARN_EMPTY_BODY = YES;
				CLANG_WARN_ENUM_CONVERSION = YES;
				CLANG_WARN_INFINITE_RECURSION = YES;
				CLANG_WARN_INT_CONVERSION = YES;
				CLANG_WARN_NON_LITERAL_NULL_CONVERSION = YES;
				CLANG_WARN_OBJC_IMPLICIT_RETAIN_SELF = YES;
				CLANG_WARN_OBJC_LITERAL_CONVERSION = YES;
				CLANG_WARN_OBJC_ROOT_CLASS = YES_ERROR;
				CLANG_WARN_QUOTED_INCLUDE_IN_FRAMEWORK_HEADER = YES;
				CLANG_WARN_RANGE_LOOP_ANALYSIS = YES;
				CLANG_WARN_STRICT_PROTOTYPES = YES;
				CLANG_WARN_SUSPICIOUS_MOVE = YES;
				CLANG_WARN_UNGUARDED_AVAILABILITY = YES_AGGRESSIVE;
				CLANG_WARN_UNREACHABLE_CODE = YES;
				CLANG_WARN__DUPLICATE_METHOD_MATCH = YES;
				COPY_PHASE_STRIP = NO;
				DEBUG_INFORMATION_FORMAT = "dwarf-with-dsym";
				ENABLE_NS_ASSERTIONS = NO;
				ENABLE_STRICT_OBJC_MSGSEND = YES;
				GCC_C_LANGUAGE_STANDARD = gnu11;
				GCC_NO_COMMON_BLOCKS = YES;
				GCC_WARN_64_TO_32_BIT_CONVERSION = YES;
				GCC_WARN_ABOUT_RETURN_TYPE = YES_ERROR;
				GCC_WARN_UNDECLARED_SELECTOR = YES;
				GCC_WARN_UNINITIALIZED_AUTOS = YES_AGGRESSIVE;
				GCC_WARN_UNUSED_FUNCTION = YES;
				GCC_WARN_UNUSED_VARIABLE = YES;
				IPHONEOS_DEPLOYMENT_TARGET = 14.5;
				MTL_ENABLE_DEBUG_INFO = NO;
				MTL_FAST_MATH = YES;
				SDKROOT = iphoneos;
				VALIDATE_PRODUCT = YES;
			};
			name = Release;
		};
		D33ABB89268ED19D000FBCD4 /* Debug */ = {
			isa = XCBuildConfiguration;
			buildSettings = {
				ASSETCATALOG_COMPILER_APPICON_NAME = AppIcon;
				ASSETCATALOG_COMPILER_GLOBAL_ACCENT_COLOR_NAME = AccentColor;
				CODE_SIGN_STYLE = Automatic;
				DEVELOPMENT_TEAM = FR3SC3EULN;
				INFOPLIST_FILE = "001--类的属性构造/Info.plist";
				LD_RUNPATH_SEARCH_PATHS = (
					"$(inherited)",
					"@executable_path/Frameworks",
				);
				PRODUCT_BUNDLE_IDENTIFIER = "BecomerichAsun.-01--------";
				PRODUCT_NAME = "$(TARGET_NAME)";
				TARGETED_DEVICE_FAMILY = "1,2";
			};
			name = Debug;
		};
		D33ABB8A268ED19D000FBCD4 /* Release */ = {
			isa = XCBuildConfiguration;
			buildSettings = {
				ASSETCATALOG_COMPILER_APPICON_NAME = AppIcon;
				ASSETCATALOG_COMPILER_GLOBAL_ACCENT_COLOR_NAME = AccentColor;
				CODE_SIGN_STYLE = Automatic;
				DEVELOPMENT_TEAM = FR3SC3EULN;
				INFOPLIST_FILE = "001--类的属性构造/Info.plist";
				LD_RUNPATH_SEARCH_PATHS = (
					"$(inherited)",
					"@executable_path/Frameworks",
				);
				PRODUCT_BUNDLE_IDENTIFIER = "BecomerichAsun.-01--------";
				PRODUCT_NAME = "$(TARGET_NAME)";
				TARGETED_DEVICE_FAMILY = "1,2";
			};
			name = Release;
		};
/* End XCBuildConfiguration section */

/* Begin XCConfigurationList section */
		D33ABB6A268ED19A000FBCD4 /* Build configuration list for PBXProject "001--类的属性构造" */ = {
			isa = XCConfigurationList;
			buildConfigurations = (
				D33ABB86268ED19D000FBCD4 /* Debug */,
				D33ABB87268ED19D000FBCD4 /* Release */,
			);
			defaultConfigurationIsVisible = 0;
			defaultConfigurationName = Release;
		};
		D33ABB88268ED19D000FBCD4 /* Build configuration list for PBXNativeTarget "001--类的属性构造" */ = {
			isa = XCConfigurationList;
			buildConfigurations = (
				D33ABB89268ED19D000FBCD4 /* Debug */,
				D33ABB8A268ED19D000FBCD4 /* Release */,
			);
			defaultConfigurationIsVisible = 0;
			defaultConfigurationName = Release;
		};
/* End XCConfigurationList section */
	};
	rootObject = D33ABB67268ED19A000FBCD4 /* Project object */;
}
