// !$*UTF8*$!
{
	archiveVersion = 1;
	classes = {
	};
	objectVersion = 50;
	objects = {

/* Begin PBXBuildFile section */
		D33706CD268B003A0006FAA6 /* AppDelegate.m in Sources */ = {isa = PBXBuildFile; fileRef = D33706CC268B003A0006FAA6 /* AppDelegate.m */; };
		D33706D0268B003A0006FAA6 /* SceneDelegate.m in Sources */ = {isa = PBXBuildFile; fileRef = D33706CF268B003A0006FAA6 /* SceneDelegate.m */; };
		D33706D3268B003A0006FAA6 /* ViewController.m in Sources */ = {isa = PBXBuildFile; fileRef = D33706D2268B003A0006FAA6 /* ViewController.m */; };
		D33706D6268B003A0006FAA6 /* Main.storyboard in Resources */ = {isa = PBXBuildFile; fileRef = D33706D4268B003A0006FAA6 /* Main.storyboard */; };
		D33706D8268B003C0006FAA6 /* Assets.xcassets in Resources */ = {isa = PBXBuildFile; fileRef = D33706D7268B003C0006FAA6 /* Assets.xcassets */; };
		D33706DB268B003C0006FAA6 /* LaunchScreen.storyboard in Resources */ = {isa = PBXBuildFile; fileRef = D33706D9268B003C0006FAA6 /* LaunchScreen.storyboard */; };
		D33706DE268B003C0006FAA6 /* main.m in Sources */ = {isa = PBXBuildFile; fileRef = D33706DD268B003C0006FAA6 /* main.m */; };
		D33706E6268B00540006FAA6 /* Person.m in Sources */ = {isa = PBXBuildFile; fileRef = D33706E5268B00540006FAA6 /* Person.m */; };
/* End PBXBuildFile section */

/* Begin PBXFileReference section */
		D33706C8268B003A0006FAA6 /* Alloc&init.app */ = {isa = PBXFileReference; explicitFileType = wrapper.application; includeInIndex = 0; path = "Alloc&init.app"; sourceTree = BUILT_PRODUCTS_DIR; };
		D33706CB268B003A0006FAA6 /* AppDelegate.h */ = {isa = PBXFileReference; lastKnownFileType = sourcecode.c.h; path = AppDelegate.h; sourceTree = "<group>"; };
		D33706CC268B003A0006FAA6 /* AppDelegate.m */ = {isa = PBXFileReference; lastKnownFileType = sourcecode.c.objc; path = AppDelegate.m; sourceTree = "<group>"; };
		D33706CE268B003A0006FAA6 /* SceneDelegate.h */ = {isa = PBXFileReference; lastKnownFileType = sourcecode.c.h; path = SceneDelegate.h; sourceTree = "<group>"; };
		D33706CF268B003A0006FAA6 /* SceneDelegate.m */ = {isa = PBXFileReference; lastKnownFileType = sourcecode.c.objc; path = SceneDelegate.m; sourceTree = "<group>"; };
		D33706D1268B003A0006FAA6 /* ViewController.h */ = {isa = PBXFileReference; lastKnownFileType = sourcecode.c.h; path = ViewController.h; sourceTree = "<group>"; };
		D33706D2268B003A0006FAA6 /* ViewController.m */ = {isa = PBXFileReference; lastKnownFileType = sourcecode.c.objc; path = ViewController.m; sourceTree = "<group>"; };
		D33706D5268B003A0006FAA6 /* Base */ = {isa = PBXFileReference; lastKnownFileType = file.storyboard; name = Base; path = Base.lproj/Main.storyboard; sourceTree = "<group>"; };
		D33706D7268B003C0006FAA6 /* Assets.xcassets */ = {isa = PBXFileReference; lastKnownFileType = folder.assetcatalog; path = Assets.xcassets; sourceTree = "<group>"; };
		D33706DA268B003C0006FAA6 /* Base */ = {isa = PBXFileReference; lastKnownFileType = file.storyboard; name = Base; path = Base.lproj/LaunchScreen.storyboard; sourceTree = "<group>"; };
		D33706DC268B003C0006FAA6 /* Info.plist */ = {isa = PBXFileReference; lastKnownFileType = text.plist.xml; path = Info.plist; sourceTree = "<group>"; };
		D33706DD268B003C0006FAA6 /* main.m */ = {isa = PBXFileReference; lastKnownFileType = sourcecode.c.objc; path = main.m; sourceTree = "<group>"; };
		D33706E4268B00540006FAA6 /* Person.h */ = {isa = PBXFileReference; lastKnownFileType = sourcecode.c.h; path = Person.h; sourceTree = "<group>"; };
		D33706E5268B00540006FAA6 /* Person.m */ = {isa = PBXFileReference; lastKnownFileType = sourcecode.c.objc; path = Person.m; sourceTree = "<group>"; };
/* End PBXFileReference section */

/* Begin PBXFrameworksBuildPhase section */
		D33706C5268B003A0006FAA6 /* Frameworks */ = {
			isa = PBXFrameworksBuildPhase;
			buildActionMask = 2147483647;
			files = (
			);
			runOnlyForDeploymentPostprocessing = 0;
		};
/* End PBXFrameworksBuildPhase section */

/* Begin PBXGroup section */
		D33706BF268B003A0006FAA6 = {
			isa = PBXGroup;
			children = (
				D33706CA268B003A0006FAA6 /* Alloc&init */,
				D33706C9268B003A0006FAA6 /* Products */,
			);
			sourceTree = "<group>";
		};
		D33706C9268B003A0006FAA6 /* Products */ = {
			isa = PBXGroup;
			children = (
				D33706C8268B003A0006FAA6 /* Alloc&init.app */,
			);
			name = Products;
			sourceTree = "<group>";
		};
		D33706CA268B003A0006FAA6 /* Alloc&init */ = {
			isa = PBXGroup;
			children = (
				D33706CB268B003A0006FAA6 /* AppDelegate.h */,
				D33706CC268B003A0006FAA6 /* AppDelegate.m */,
				D33706CE268B003A0006FAA6 /* SceneDelegate.h */,
				D33706CF268B003A0006FAA6 /* SceneDelegate.m */,
				D33706D1268B003A0006FAA6 /* ViewController.h */,
				D33706D2268B003A0006FAA6 /* ViewController.m */,
				D33706E4268B00540006FAA6 /* Person.h */,
				D33706E5268B00540006FAA6 /* Person.m */,
				D33706D4268B003A0006FAA6 /* Main.storyboard */,
				D33706D7268B003C0006FAA6 /* Assets.xcassets */,
				D33706D9268B003C0006FAA6 /* LaunchScreen.storyboard */,
				D33706DC268B003C0006FAA6 /* Info.plist */,
				D33706DD268B003C0006FAA6 /* main.m */,
			);
			path = "Alloc&init";
			sourceTree = "<group>";
		};
/* End PBXGroup section */

/* Begin PBXNativeTarget section */
		D33706C7268B003A0006FAA6 /* Alloc&init */ = {
			isa = PBXNativeTarget;
			buildConfigurationList = D33706E1268B003C0006FAA6 /* Build configuration list for PBXNativeTarget "Alloc&init" */;
			buildPhases = (
				D33706C4268B003A0006FAA6 /* Sources */,
				D33706C5268B003A0006FAA6 /* Frameworks */,
				D33706C6268B003A0006FAA6 /* Resources */,
			);
			buildRules = (
			);
			dependencies = (
			);
			name = "Alloc&init";
			productName = "Alloc&init";
			productReference = D33706C8268B003A0006FAA6 /* Alloc&init.app */;
			productType = "com.apple.product-type.application";
		};
/* End PBXNativeTarget section */

/* Begin PBXProject section */
		D33706C0268B003A0006FAA6 /* Project object */ = {
			isa = PBXProject;
			attributes = {
				LastUpgradeCheck = 1250;
				TargetAttributes = {
					D33706C7268B003A0006FAA6 = {
						CreatedOnToolsVersion = 12.5;
					};
				};
			};
			buildConfigurationList = D33706C3268B003A0006FAA6 /* Build configuration list for PBXProject "Alloc&init" */;
			compatibilityVersion = "Xcode 9.3";
			developmentRegion = en;
			hasScannedForEncodings = 0;
			knownRegions = (
				en,
				Base,
			);
			mainGroup = D33706BF268B003A0006FAA6;
			productRefGroup = D33706C9268B003A0006FAA6 /* Products */;
			projectDirPath = "";
			projectRoot = "";
			targets = (
				D33706C7268B003A0006FAA6 /* Alloc&init */,
			);
		};
/* End PBXProject section */

/* Begin PBXResourcesBuildPhase section */
		D33706C6268B003A0006FAA6 /* Resources */ = {
			isa = PBXResourcesBuildPhase;
			buildActionMask = 2147483647;
			files = (
				D33706DB268B003C0006FAA6 /* LaunchScreen.storyboard in Resources */,
				D33706D8268B003C0006FAA6 /* Assets.xcassets in Resources */,
				D33706D6268B003A0006FAA6 /* Main.storyboard in Resources */,
			);
			runOnlyForDeploymentPostprocessing = 0;
		};
/* End PBXResourcesBuildPhase section */

/* Begin PBXSourcesBuildPhase section */
		D33706C4268B003A0006FAA6 /* Sources */ = {
			isa = PBXSourcesBuildPhase;
			buildActionMask = 2147483647;
			files = (
				D33706D3268B003A0006FAA6 /* ViewController.m in Sources */,
				D33706CD268B003A0006FAA6 /* AppDelegate.m in Sources */,
				D33706E6268B00540006FAA6 /* Person.m in Sources */,
				D33706DE268B003C0006FAA6 /* main.m in Sources */,
				D33706D0268B003A0006FAA6 /* SceneDelegate.m in Sources */,
			);
			runOnlyForDeploymentPostprocessing = 0;
		};
/* End PBXSourcesBuildPhase section */

/* Begin PBXVariantGroup section */
		D33706D4268B003A0006FAA6 /* Main.storyboard */ = {
			isa = PBXVariantGroup;
			children = (
				D33706D5268B003A0006FAA6 /* Base */,
			);
			name = Main.storyboard;
			sourceTree = "<group>";
		};
		D33706D9268B003C0006FAA6 /* LaunchScreen.storyboard */ = {
			isa = PBXVariantGroup;
			children = (
				D33706DA268B003C0006FAA6 /* Base */,
			);
			name = LaunchScreen.storyboard;
			sourceTree = "<group>";
		};
/* End PBXVariantGroup section */

/* Begin XCBuildConfiguration section */
		D33706DF268B003C0006FAA6 /* Debug */ = {
			isa = XCBuildConfiguration;
			buildSettings = {
				ALWAYS_SEARCH_USER_PATHS = NO;
				CLANG_ANALYZER_NONNULL = YES;
				CLANG_ANALYZER_NUMBER_OBJECT_CONVERSION = YES_AGGRESSIVE;
				CLANG_CXX_LANGUAGE_STANDARD = "gnu++14";
				CLANG_CXX_LIBRARY = "libc++";
				CLANG_ENABLE_MODULES = YES;
				CLANG_ENABLE_OBJC_ARC = YES;
				CLANG_ENABLE_OBJC_WEAK = YES;
				CLANG_WARN_BLOCK_CAPTURE_AUTORELEASING = YES;
				CLANG_WARN_BOOL_CONVERSION = YES;
				CLANG_WARN_COMMA = YES;
				CLANG_WARN_CONSTANT_CONVERSION = YES;
				CLANG_WARN_DEPRECATED_OBJC_IMPLEMENTATIONS = YES;
				CLANG_WARN_DIRECT_OBJC_ISA_USAGE = YES_ERROR;
				CLANG_WARN_DOCUMENTATION_COMMENTS = YES;
				CLANG_WARN_EMPTY_BODY = YES;
				CLANG_WARN_ENUM_CONVERSION = YES;
				CLANG_WARN_INFINITE_RECURSION = YES;
				CLANG_WARN_INT_CONVERSION = YES;
				CLANG_WARN_NON_LITERAL_NULL_CONVERSION = YES;
				CLANG_WARN_OBJC_IMPLICIT_RETAIN_SELF = YES;
				CLANG_WARN_OBJC_LITERAL_CONVERSION = YES;
				CLANG_WARN_OBJC_ROOT_CLASS = YES_ERROR;
				CLANG_WARN_QUOTED_INCLUDE_IN_FRAMEWORK_HEADER = YES;
				CLANG_WARN_RANGE_LOOP_ANALYSIS = YES;
				CLANG_WARN_STRICT_PROTOTYPES = YES;
				CLANG_WARN_SUSPICIOUS_MOVE = YES;
				CLANG_WARN_UNGUARDED_AVAILABILITY = YES_AGGRESSIVE;
				CLANG_WARN_UNREACHABLE_CODE = YES;
				CLANG_WARN__DUPLICATE_METHOD_MATCH = YES;
				COPY_PHASE_STRIP = NO;
				DEBUG_INFORMATION_FORMAT = dwarf;
				ENABLE_STRICT_OBJC_MSGSEND = YES;
				ENABLE_TESTABILITY = YES;
				GCC_C_LANGUAGE_STANDARD = gnu11;
				GCC_DYNAMIC_NO_PIC = NO;
				GCC_NO_COMMON_BLOCKS = YES;
				GCC_OPTIMIZATION_LEVEL = 0;
				GCC_PREPROCESSOR_DEFINITIONS = (
					"DEBUG=1",
					"$(inherited)",
				);
				GCC_WARN_64_TO_32_BIT_CONVERSION = YES;
				GCC_WARN_ABOUT_RETURN_TYPE = YES_ERROR;
				GCC_WARN_UNDECLARED_SELECTOR = YES;
				GCC_WARN_UNINITIALIZED_AUTOS = YES_AGGRESSIVE;
				GCC_WARN_UNUSED_FUNCTION = YES;
				GCC_WARN_UNUSED_VARIABLE = YES;
				IPHONEOS_DEPLOYMENT_TARGET = 14.5;
				MTL_ENABLE_DEBUG_INFO = INCLUDE_SOURCE;
				MTL_FAST_MATH = YES;
				ONLY_ACTIVE_ARCH = YES;
				SDKROOT = iphoneos;
			};
			name = Debug;
		};
		D33706E0268B003C0006FAA6 /* Release */ = {
			isa = XCBuildConfiguration;
			buildSettings = {
				ALWAYS_SEARCH_USER_PATHS = NO;
				CLANG_ANALYZER_NONNULL = YES;
				CLANG_ANALYZER_NUMBER_OBJECT_CONVERSION = YES_AGGRESSIVE;
				CLANG_CXX_LANGUAGE_STANDARD = "gnu++14";
				CLANG_CXX_LIBRARY = "libc++";
				CLANG_ENABLE_MODULES = YES;
				CLANG_ENABLE_OBJC_ARC = YES;
				CLANG_ENABLE_OBJC_WEAK = YES;
				CLANG_WARN_BLOCK_CAPTURE_AUTORELEASING = YES;
				CLANG_WARN_BOOL_CONVERSION = YES;
				CLANG_WARN_COMMA = YES;
				CLANG_WARN_CONSTANT_CONVERSION = YES;
				CLANG_WARN_DEPRECATED_OBJC_IMPLEMENTATIONS = YES;
				CLANG_WARN_DIRECT_OBJC_ISA_USAGE = YES_ERROR;
				CLANG_WARN_DOCUMENTATION_COMMENTS = YES;
				CLANG_WARN_EMPTY_BODY = YES;
				CLANG_WARN_ENUM_CONVERSION = YES;
				CLANG_WARN_INFINITE_RECURSION = YES;
				CLANG_WARN_INT_CONVERSION = YES;
				CLANG_WARN_NON_LITERAL_NULL_CONVERSION = YES;
				CLANG_WARN_OBJC_IMPLICIT_RETAIN_SELF = YES;
				CLANG_WARN_OBJC_LITERAL_CONVERSION = YES;
				CLANG_WARN_OBJC_ROOT_CLASS = YES_ERROR;
				CLANG_WARN_QUOTED_INCLUDE_IN_FRAMEWORK_HEADER = YES;
				CLANG_WARN_RANGE_LOOP_ANALYSIS = YES;
				CLANG_WARN_STRICT_PROTOTYPES = YES;
				CLANG_WARN_SUSPICIOUS_MOVE = YES;
				CLANG_WARN_UNGUARDED_AVAILABILITY = YES_AGGRESSIVE;
				CLANG_WARN_UNREACHABLE_CODE = YES;
				CLANG_WARN__DUPLICATE_METHOD_MATCH = YES;
				COPY_PHASE_STRIP = NO;
				DEBUG_INFORMATION_FORMAT = "dwarf-with-dsym";
				ENABLE_NS_ASSERTIONS = NO;
				ENABLE_STRICT_OBJC_MSGSEND = YES;
				GCC_C_LANGUAGE_STANDARD = gnu11;
				GCC_NO_COMMON_BLOCKS = YES;
				GCC_WARN_64_TO_32_BIT_CONVERSION = YES;
				GCC_WARN_ABOUT_RETURN_TYPE = YES_ERROR;
				GCC_WARN_UNDECLARED_SELECTOR = YES;
				GCC_WARN_UNINITIALIZED_AUTOS = YES_AGGRESSIVE;
				GCC_WARN_UNUSED_FUNCTION = YES;
				GCC_WARN_UNUSED_VARIABLE = YES;
				IPHONEOS_DEPLOYMENT_TARGET = 14.5;
				MTL_ENABLE_DEBUG_INFO = NO;
				MTL_FAST_MATH = YES;
				SDKROOT = iphoneos;
				VALIDATE_PRODUCT = YES;
			};
			name = Release;
		};
		D33706E2268B003C0006FAA6 /* Debug */ = {
			isa = XCBuildConfiguration;
			buildSettings = {
				ASSETCATALOG_COMPILER_APPICON_NAME = AppIcon;
				ASSETCATALOG_COMPILER_GLOBAL_ACCENT_COLOR_NAME = AccentColor;
				CODE_SIGN_STYLE = Automatic;
				DEVELOPMENT_TEAM = FR3SC3EULN;
				INFOPLIST_FILE = "Alloc&init/Info.plist";
				LD_RUNPATH_SEARCH_PATHS = (
					"$(inherited)",
					"@executable_path/Frameworks",
				);
				PRODUCT_BUNDLE_IDENTIFIER = "BecomerichAsun.Alloc-init";
				PRODUCT_NAME = "$(TARGET_NAME)";
				TARGETED_DEVICE_FAMILY = "1,2";
			};
			name = Debug;
		};
		D33706E3268B003C0006FAA6 /* Release */ = {
			isa = XCBuildConfiguration;
			buildSettings = {
				ASSETCATALOG_COMPILER_APPICON_NAME = AppIcon;
				ASSETCATALOG_COMPILER_GLOBAL_ACCENT_COLOR_NAME = AccentColor;
				CODE_SIGN_STYLE = Automatic;
				DEVELOPMENT_TEAM = FR3SC3EULN;
				INFOPLIST_FILE = "Alloc&init/Info.plist";
				LD_RUNPATH_SEARCH_PATHS = (
					"$(inherited)",
					"@executable_path/Frameworks",
				);
				PRODUCT_BUNDLE_IDENTIFIER = "BecomerichAsun.Alloc-init";
				PRODUCT_NAME = "$(TARGET_NAME)";
				TARGETED_DEVICE_FAMILY = "1,2";
			};
			name = Release;
		};
/* End XCBuildConfiguration section */

/* Begin XCConfigurationList section */
		D33706C3268B003A0006FAA6 /* Build configuration list for PBXProject "Alloc&init" */ = {
			isa = XCConfigurationList;
			buildConfigurations = (
				D33706DF268B003C0006FAA6 /* Debug */,
				D33706E0268B003C0006FAA6 /* Release */,
			);
			defaultConfigurationIsVisible = 0;
			defaultConfigurationName = Release;
		};
		D33706E1268B003C0006FAA6 /* Build configuration list for PBXNativeTarget "Alloc&init" */ = {
			isa = XCConfigurationList;
			buildConfigurations = (
				D33706E2268B003C0006FAA6 /* Debug */,
				D33706E3268B003C0006FAA6 /* Release */,
			);
			defaultConfigurationIsVisible = 0;
			defaultConfigurationName = Release;
		};
/* End XCConfigurationList section */
	};
	rootObject = D33706C0268B003A0006FAA6 /* Project object */;
}
